
Microsoft Visual Studio Solution File, Format Version 12.00
# Visual Studio Version 17
VisualStudioVersion = 17.10.34916.146
MinimumVisualStudioVersion = 10.0.40219.1
Project("{FAE04EC0-301F-11D3-BF4B-00C04F79EFBC}") = "cliente APIcs", "cliente APIcs\cliente APIcs.csproj", "{43FE9BE9-5916-40C7-A17A-F57F4CC14412}"
EndProject
Global
	GlobalSection(SolutionConfigurationPlatforms) = preSolution
		Debug|Any CPU = Debug|Any CPU
		Release|Any CPU = Release|Any CPU
	EndGlobalSection
	GlobalSection(ProjectConfigurationPlatforms) = postSolution
		{43FE9BE9-5916-40C7-A17A-F57F4CC14412}.Debug|Any CPU.ActiveCfg = Debug|Any CPU
		{43FE9BE9-5916-40C7-A17A-F57F4CC14412}.Debug|Any CPU.Build.0 = Debug|Any CPU
		{43FE9BE9-5916-40C7-A17A-F57F4CC14412}.Release|Any CPU.ActiveCfg = Release|Any CPU
		{43FE9BE9-5916-40C7-A17A-F57F4CC14412}.Release|Any CPU.Build.0 = Release|Any CPU
	EndGlobalSection
	GlobalSection(SolutionProperties) = preSolution
		HideSolutionNode = FALSE
	EndGlobalSection
	GlobalSection(ExtensibilityGlobals) = postSolution
		SolutionGuid = {C4E4EFE1-E8CF-4EBC-9BAC-0FC80996B6D2}
	EndGlobalSection
EndGlobal
